<Solution>
  <Project Path="MoneyTransferService.Business/MoneyTransferService.Business.csproj" />
  <Project Path="MoneyTransferService.Core/MoneyTransferService.Core.csproj" />
  <Project Path="MoneyTransferService.DataAccess/MoneyTransferService.DataAccess.csproj" />
  <Project Path="MoneyTransferService.Entities/MoneyTransferService.Entities.csproj" />
  <Project Path="MoneyTransferService.WebAPI/MoneyTransferService.WebAPI.csproj" />
</Solution>
